# THIS IS AN AUTOGENERATED FILE. DO NOT EDIT THIS FILE DIRECTLY.
# yarn lockfile v1


ebnf@^1.9.0:
  version "1.9.0"
  resolved "https://registry.yarnpkg.com/ebnf/-/ebnf-1.9.0.tgz#9c2dd6052f3ed43a69c1f0b07b15bd03cefda764"
  integrity sha512-LKK899+j758AgPq00ms+y90mo+2P86fMKUWD28sH0zLKUj7aL6iIH2wy4jejAMM9I2BawJ+2kp6C3mMXj+Ii5g==
